
Microsoft Visual Studio Solution File, Format Version 12.00
# Visual Studio Version 16
VisualStudioVersion = 16.0.32228.343
MinimumVisualStudioVersion = 10.0.40219.1
Project("{FAE04EC0-301F-11D3-BF4B-00C04F79EFBC}") = "EventosWeb", "EventosWeb\EventosWeb.csproj", "{8BF6495D-0724-4CC9-B652-89094B46C30B}"
EndProject
Project("{FAE04EC0-301F-11D3-BF4B-00C04F79EFBC}") = "EventosModel", "EventosModel\EventosModel.csproj", "{87E84281-BA21-41A9-9292-299AB54F6FAD}"
EndProject
Global
	GlobalSection(SolutionConfigurationPlatforms) = preSolution
		Debug|Any CPU = Debug|Any CPU
		Release|Any CPU = Release|Any CPU
	EndGlobalSection
	GlobalSection(ProjectConfigurationPlatforms) = postSolution
		{8BF6495D-0724-4CC9-B652-89094B46C30B}.Debug|Any CPU.ActiveCfg = Debug|Any CPU
		{8BF6495D-0724-4CC9-B652-89094B46C30B}.Debug|Any CPU.Build.0 = Debug|Any CPU
		{8BF6495D-0724-4CC9-B652-89094B46C30B}.Release|Any CPU.ActiveCfg = Release|Any CPU
		{8BF6495D-0724-4CC9-B652-89094B46C30B}.Release|Any CPU.Build.0 = Release|Any CPU
		{87E84281-BA21-41A9-9292-299AB54F6FAD}.Debug|Any CPU.ActiveCfg = Debug|Any CPU
		{87E84281-BA21-41A9-9292-299AB54F6FAD}.Debug|Any CPU.Build.0 = Debug|Any CPU
		{87E84281-BA21-41A9-9292-299AB54F6FAD}.Release|Any CPU.ActiveCfg = Release|Any CPU
		{87E84281-BA21-41A9-9292-299AB54F6FAD}.Release|Any CPU.Build.0 = Release|Any CPU
	EndGlobalSection
	GlobalSection(SolutionProperties) = preSolution
		HideSolutionNode = FALSE
	EndGlobalSection
	GlobalSection(ExtensibilityGlobals) = postSolution
		SolutionGuid = {C1AE7CBF-F343-4A0E-8FF3-ADE9247BE5B7}
	EndGlobalSection
EndGlobal
